// !$*UTF8*$!
{
	archiveVersion = 1;
	classes = {
	};
	objectVersion = 56;
	objects = {

/* Begin PBXBuildFile section */
		6E2C18F92C818DB200CADD9F /* Assets.xcassets in Resources */ = {isa = PBXBuildFile; fileRef = 6E2C18F82C818DB200CADD9F /* Assets.xcassets */; };
		6E2C18FC2C818DB200CADD9F /* Preview Assets.xcassets in Resources */ = {isa = PBXBuildFile; fileRef = 6E2C18FB2C818DB200CADD9F /* Preview Assets.xcassets */; };
		6E2C19062C818DB600CADD9F /* VampireSynthTests.swift in Sources */ = {isa = PBXBuildFile; fileRef = 6E2C19052C818DB600CADD9F /* VampireSynthTests.swift */; };
		6E2C19102C818DB700CADD9F /* VampireSynthUITests.swift in Sources */ = {isa = PBXBuildFile; fileRef = 6E2C190F2C818DB700CADD9F /* VampireSynthUITests.swift */; };
		6E2C19122C818DB700CADD9F /* VampireSynthUITestsLaunchTests.swift in Sources */ = {isa = PBXBuildFile; fileRef = 6E2C19112C818DB700CADD9F /* VampireSynthUITestsLaunchTests.swift */; };
		6E2C19202C818E0300CADD9F /* AudioKit in Frameworks */ = {isa = PBXBuildFile; productRef = 6E2C191F2C818E0300CADD9F /* AudioKit */; };
		6E2C19232C818FB800CADD9F /* AudioKitEX in Frameworks */ = {isa = PBXBuildFile; productRef = 6E2C19222C818FB800CADD9F /* AudioKitEX */; };
		6E2C19262C8191D100CADD9F /* SoundpipeAudioKit in Frameworks */ = {isa = PBXBuildFile; productRef = 6E2C19252C8191D100CADD9F /* SoundpipeAudioKit */; };
		6E2C19292C81932300CADD9F /* AudioKitUI in Frameworks */ = {isa = PBXBuildFile; productRef = 6E2C19282C81932300CADD9F /* AudioKitUI */; };
		6E2FBDC32C8540BA00854FB3 /* VampireKeyboardView.swift in Sources */ = {isa = PBXBuildFile; fileRef = 6E2FBDC22C8540BA00854FB3 /* VampireKeyboardView.swift */; };
		6E2FFFAD2C85058E00FD9BC9 /* Keyboard in Frameworks */ = {isa = PBXBuildFile; productRef = 6E2FFFAC2C85058E00FD9BC9 /* Keyboard */; };
		6E2FFFBC2C850BE900FD9BC9 /* VampireSynthApp.swift in Sources */ = {isa = PBXBuildFile; fileRef = 6E2FFFBA2C850BE900FD9BC9 /* VampireSynthApp.swift */; };
		6E2FFFBD2C850BE900FD9BC9 /* ContentView.swift in Sources */ = {isa = PBXBuildFile; fileRef = 6E2FFFBB2C850BE900FD9BC9 /* ContentView.swift */; };
		6ECA33BE2CC7028E00E641CE /* ADSRWidgetView.swift in Sources */ = {isa = PBXBuildFile; fileRef = 6ECA33BD2CC7028A00E641CE /* ADSRWidgetView.swift */; };
		6ECA33C02CC7044600E641CE /* OperatorControlView.swift in Sources */ = {isa = PBXBuildFile; fileRef = 6ECA33BF2CC7044200E641CE /* OperatorControlView.swift */; };
		6ECA33C22CC70B5400E641CE /* Operator.swift in Sources */ = {isa = PBXBuildFile; fileRef = 6ECA33C12CC70B4E00E641CE /* Operator.swift */; };
		6EEEB2A62C85185200E1E8FC /* OperatorConductor.swift in Sources */ = {isa = PBXBuildFile; fileRef = 6EEEB2A52C85185200E1E8FC /* OperatorConductor.swift */; };
		6EEEB2A82C8518DA00E1E8FC /* OperatorView.swift in Sources */ = {isa = PBXBuildFile; fileRef = 6EEEB2A72C8518DA00E1E8FC /* OperatorView.swift */; };
		6EEEB2AA2C8526B200E1E8FC /* AmpEnvConductor.swift in Sources */ = {isa = PBXBuildFile; fileRef = 6EEEB2A92C8526B200E1E8FC /* AmpEnvConductor.swift */; };
		6EEEB2AE2C85298400E1E8FC /* AmpEnvView.swift in Sources */ = {isa = PBXBuildFile; fileRef = 6EEEB2AD2C85298400E1E8FC /* AmpEnvView.swift */; };
/* End PBXBuildFile section */

/* Begin PBXContainerItemProxy section */
		6E2C19022C818DB600CADD9F /* PBXContainerItemProxy */ = {
			isa = PBXContainerItemProxy;
			containerPortal = 6E2C18E92C818DAD00CADD9F /* Project object */;
			proxyType = 1;
			remoteGlobalIDString = 6E2C18F02C818DAD00CADD9F;
			remoteInfo = Force1;
		};
		6E2C190C2C818DB700CADD9F /* PBXContainerItemProxy */ = {
			isa = PBXContainerItemProxy;
			containerPortal = 6E2C18E92C818DAD00CADD9F /* Project object */;
			proxyType = 1;
			remoteGlobalIDString = 6E2C18F02C818DAD00CADD9F;
			remoteInfo = Force1;
		};
/* End PBXContainerItemProxy section */

/* Begin PBXFileReference section */
		6E2C18F12C818DAD00CADD9F /* VampireSynth.app */ = {isa = PBXFileReference; explicitFileType = wrapper.application; includeInIndex = 0; path = VampireSynth.app; sourceTree = BUILT_PRODUCTS_DIR; };
		6E2C18F82C818DB200CADD9F /* Assets.xcassets */ = {isa = PBXFileReference; lastKnownFileType = folder.assetcatalog; path = Assets.xcassets; sourceTree = "<group>"; };
		6E2C18FB2C818DB200CADD9F /* Preview Assets.xcassets */ = {isa = PBXFileReference; lastKnownFileType = folder.assetcatalog; path = "Preview Assets.xcassets"; sourceTree = "<group>"; };
		6E2C19012C818DB600CADD9F /* VampireSynthTests.xctest */ = {isa = PBXFileReference; explicitFileType = wrapper.cfbundle; includeInIndex = 0; path = VampireSynthTests.xctest; sourceTree = BUILT_PRODUCTS_DIR; };
		6E2C19052C818DB600CADD9F /* VampireSynthTests.swift */ = {isa = PBXFileReference; lastKnownFileType = sourcecode.swift; path = VampireSynthTests.swift; sourceTree = "<group>"; };
		6E2C190B2C818DB700CADD9F /* VampireSynthUITests.xctest */ = {isa = PBXFileReference; explicitFileType = wrapper.cfbundle; includeInIndex = 0; path = VampireSynthUITests.xctest; sourceTree = BUILT_PRODUCTS_DIR; };
		6E2C190F2C818DB700CADD9F /* VampireSynthUITests.swift */ = {isa = PBXFileReference; lastKnownFileType = sourcecode.swift; path = VampireSynthUITests.swift; sourceTree = "<group>"; };
		6E2C19112C818DB700CADD9F /* VampireSynthUITestsLaunchTests.swift */ = {isa = PBXFileReference; lastKnownFileType = sourcecode.swift; path = VampireSynthUITestsLaunchTests.swift; sourceTree = "<group>"; };
		6E2FBDC22C8540BA00854FB3 /* VampireKeyboardView.swift */ = {isa = PBXFileReference; lastKnownFileType = sourcecode.swift; path = VampireKeyboardView.swift; sourceTree = "<group>"; };
		6E2FFFBA2C850BE900FD9BC9 /* VampireSynthApp.swift */ = {isa = PBXFileReference; fileEncoding = 4; lastKnownFileType = sourcecode.swift; path = VampireSynthApp.swift; sourceTree = "<group>"; };
		6E2FFFBB2C850BE900FD9BC9 /* ContentView.swift */ = {isa = PBXFileReference; fileEncoding = 4; lastKnownFileType = sourcecode.swift; path = ContentView.swift; sourceTree = "<group>"; };
		6ECA33BD2CC7028A00E641CE /* ADSRWidgetView.swift */ = {isa = PBXFileReference; lastKnownFileType = sourcecode.swift; path = ADSRWidgetView.swift; sourceTree = "<group>"; };
		6ECA33BF2CC7044200E641CE /* OperatorControlView.swift */ = {isa = PBXFileReference; lastKnownFileType = sourcecode.swift; path = OperatorControlView.swift; sourceTree = "<group>"; };
		6ECA33C12CC70B4E00E641CE /* Operator.swift */ = {isa = PBXFileReference; lastKnownFileType = sourcecode.swift; path = Operator.swift; sourceTree = "<group>"; };
		6EEEB2A52C85185200E1E8FC /* OperatorConductor.swift */ = {isa = PBXFileReference; lastKnownFileType = sourcecode.swift; path = OperatorConductor.swift; sourceTree = "<group>"; };
		6EEEB2A72C8518DA00E1E8FC /* OperatorView.swift */ = {isa = PBXFileReference; lastKnownFileType = sourcecode.swift; path = OperatorView.swift; sourceTree = "<group>"; };
		6EEEB2A92C8526B200E1E8FC /* AmpEnvConductor.swift */ = {isa = PBXFileReference; lastKnownFileType = sourcecode.swift; path = AmpEnvConductor.swift; sourceTree = "<group>"; };
		6EEEB2AD2C85298400E1E8FC /* AmpEnvView.swift */ = {isa = PBXFileReference; lastKnownFileType = sourcecode.swift; path = AmpEnvView.swift; sourceTree = "<group>"; };
/* End PBXFileReference section */

/* Begin PBXFrameworksBuildPhase section */
		6E2C18EE2C818DAD00CADD9F /* Frameworks */ = {
			isa = PBXFrameworksBuildPhase;
			buildActionMask = 2147483647;
			files = (
				6E2C19202C818E0300CADD9F /* AudioKit in Frameworks */,
				6E2C19232C818FB800CADD9F /* AudioKitEX in Frameworks */,
				6E2FFFAD2C85058E00FD9BC9 /* Keyboard in Frameworks */,
				6E2C19292C81932300CADD9F /* AudioKitUI in Frameworks */,
				6E2C19262C8191D100CADD9F /* SoundpipeAudioKit in Frameworks */,
			);
			runOnlyForDeploymentPostprocessing = 0;
		};
		6E2C18FE2C818DB600CADD9F /* Frameworks */ = {
			isa = PBXFrameworksBuildPhase;
			buildActionMask = 2147483647;
			files = (
			);
			runOnlyForDeploymentPostprocessing = 0;
		};
		6E2C19082C818DB700CADD9F /* Frameworks */ = {
			isa = PBXFrameworksBuildPhase;
			buildActionMask = 2147483647;
			files = (
			);
			runOnlyForDeploymentPostprocessing = 0;
		};
/* End PBXFrameworksBuildPhase section */

/* Begin PBXGroup section */
		6E2C18E82C818DAD00CADD9F = {
			isa = PBXGroup;
			children = (
				6E2C18F32C818DAD00CADD9F /* VampireSynth */,
				6E2C19042C818DB600CADD9F /* VampireSynthTests */,
				6E2C190E2C818DB700CADD9F /* VampireSynthUITests */,
				6E2C18F22C818DAD00CADD9F /* Products */,
			);
			sourceTree = "<group>";
		};
		6E2C18F22C818DAD00CADD9F /* Products */ = {
			isa = PBXGroup;
			children = (
				6E2C18F12C818DAD00CADD9F /* VampireSynth.app */,
				6E2C19012C818DB600CADD9F /* VampireSynthTests.xctest */,
				6E2C190B2C818DB700CADD9F /* VampireSynthUITests.xctest */,
			);
			name = Products;
			sourceTree = "<group>";
		};
		6E2C18F32C818DAD00CADD9F /* VampireSynth */ = {
			isa = PBXGroup;
			children = (
				6ECA33C12CC70B4E00E641CE /* Operator.swift */,
				6E2FFFBB2C850BE900FD9BC9 /* ContentView.swift */,
				6E2FBDC22C8540BA00854FB3 /* VampireKeyboardView.swift */,
				6EEEB2A52C85185200E1E8FC /* OperatorConductor.swift */,
				6EEEB2A92C8526B200E1E8FC /* AmpEnvConductor.swift */,
				6EEEB2AD2C85298400E1E8FC /* AmpEnvView.swift */,
				6ECA33BD2CC7028A00E641CE /* ADSRWidgetView.swift */,
				6EEEB2A72C8518DA00E1E8FC /* OperatorView.swift */,
				6ECA33BF2CC7044200E641CE /* OperatorControlView.swift */,
				6E2FFFBA2C850BE900FD9BC9 /* VampireSynthApp.swift */,
				6E2C18F82C818DB200CADD9F /* Assets.xcassets */,
				6E2C18FA2C818DB200CADD9F /* Preview Content */,
			);
			path = VampireSynth;
			sourceTree = "<group>";
		};
		6E2C18FA2C818DB200CADD9F /* Preview Content */ = {
			isa = PBXGroup;
			children = (
				6E2C18FB2C818DB200CADD9F /* Preview Assets.xcassets */,
			);
			path = "Preview Content";
			sourceTree = "<group>";
		};
		6E2C19042C818DB600CADD9F /* VampireSynthTests */ = {
			isa = PBXGroup;
			children = (
				6E2C19052C818DB600CADD9F /* VampireSynthTests.swift */,
			);
			path = VampireSynthTests;
			sourceTree = "<group>";
		};
		6E2C190E2C818DB700CADD9F /* VampireSynthUITests */ = {
			isa = PBXGroup;
			children = (
				6E2C190F2C818DB700CADD9F /* VampireSynthUITests.swift */,
				6E2C19112C818DB700CADD9F /* VampireSynthUITestsLaunchTests.swift */,
			);
			path = VampireSynthUITests;
			sourceTree = "<group>";
		};
/* End PBXGroup section */

/* Begin PBXNativeTarget section */
		6E2C18F02C818DAD00CADD9F /* VampireSynth */ = {
			isa = PBXNativeTarget;
			buildConfigurationList = 6E2C19152C818DB700CADD9F /* Build configuration list for PBXNativeTarget "VampireSynth" */;
			buildPhases = (
				6E2C18ED2C818DAD00CADD9F /* Sources */,
				6E2C18EE2C818DAD00CADD9F /* Frameworks */,
				6E2C18EF2C818DAD00CADD9F /* Resources */,
			);
			buildRules = (
			);
			dependencies = (
			);
			name = VampireSynth;
			packageProductDependencies = (
				6E2C191F2C818E0300CADD9F /* AudioKit */,
				6E2C19222C818FB800CADD9F /* AudioKitEX */,
				6E2C19252C8191D100CADD9F /* SoundpipeAudioKit */,
				6E2C19282C81932300CADD9F /* AudioKitUI */,
				6E2FFFAC2C85058E00FD9BC9 /* Keyboard */,
			);
			productName = Force1;
			productReference = 6E2C18F12C818DAD00CADD9F /* VampireSynth.app */;
			productType = "com.apple.product-type.application";
		};
		6E2C19002C818DB600CADD9F /* VampireSynthTests */ = {
			isa = PBXNativeTarget;
			buildConfigurationList = 6E2C19182C818DB700CADD9F /* Build configuration list for PBXNativeTarget "VampireSynthTests" */;
			buildPhases = (
				6E2C18FD2C818DB600CADD9F /* Sources */,
				6E2C18FE2C818DB600CADD9F /* Frameworks */,
				6E2C18FF2C818DB600CADD9F /* Resources */,
			);
			buildRules = (
			);
			dependencies = (
				6E2C19032C818DB600CADD9F /* PBXTargetDependency */,
			);
			name = VampireSynthTests;
			productName = Force1Tests;
			productReference = 6E2C19012C818DB600CADD9F /* VampireSynthTests.xctest */;
			productType = "com.apple.product-type.bundle.unit-test";
		};
		6E2C190A2C818DB700CADD9F /* VampireSynthUITests */ = {
			isa = PBXNativeTarget;
			buildConfigurationList = 6E2C191B2C818DB700CADD9F /* Build configuration list for PBXNativeTarget "VampireSynthUITests" */;
			buildPhases = (
				6E2C19072C818DB700CADD9F /* Sources */,
				6E2C19082C818DB700CADD9F /* Frameworks */,
				6E2C19092C818DB700CADD9F /* Resources */,
			);
			buildRules = (
			);
			dependencies = (
				6E2C190D2C818DB700CADD9F /* PBXTargetDependency */,
			);
			name = VampireSynthUITests;
			productName = Force1UITests;
			productReference = 6E2C190B2C818DB700CADD9F /* VampireSynthUITests.xctest */;
			productType = "com.apple.product-type.bundle.ui-testing";
		};
/* End PBXNativeTarget section */

/* Begin PBXProject section */
		6E2C18E92C818DAD00CADD9F /* Project object */ = {
			isa = PBXProject;
			attributes = {
				BuildIndependentTargetsInParallel = 1;
				LastSwiftUpdateCheck = 1540;
				LastUpgradeCheck = 1540;
				TargetAttributes = {
					6E2C18F02C818DAD00CADD9F = {
						CreatedOnToolsVersion = 15.4;
						LastSwiftMigration = 1540;
					};
					6E2C19002C818DB600CADD9F = {
						CreatedOnToolsVersion = 15.4;
						TestTargetID = 6E2C18F02C818DAD00CADD9F;
					};
					6E2C190A2C818DB700CADD9F = {
						CreatedOnToolsVersion = 15.4;
						TestTargetID = 6E2C18F02C818DAD00CADD9F;
					};
				};
			};
			buildConfigurationList = 6E2C18EC2C818DAD00CADD9F /* Build configuration list for PBXProject "VampireSynth" */;
			compatibilityVersion = "Xcode 14.0";
			developmentRegion = en;
			hasScannedForEncodings = 0;
			knownRegions = (
				en,
				Base,
			);
			mainGroup = 6E2C18E82C818DAD00CADD9F;
			packageReferences = (
				6E2C191E2C818E0300CADD9F /* XCRemoteSwiftPackageReference "AudioKit" */,
				6E2C19212C818FB800CADD9F /* XCRemoteSwiftPackageReference "AudioKitEX" */,
				6E2C19242C8191D100CADD9F /* XCRemoteSwiftPackageReference "SoundpipeAudioKit" */,
				6E2C19272C81932300CADD9F /* XCRemoteSwiftPackageReference "AudioKitUI" */,
				6E2FFFAB2C85058E00FD9BC9 /* XCRemoteSwiftPackageReference "Keyboard" */,
			);
			productRefGroup = 6E2C18F22C818DAD00CADD9F /* Products */;
			projectDirPath = "";
			projectRoot = "";
			targets = (
				6E2C18F02C818DAD00CADD9F /* VampireSynth */,
				6E2C19002C818DB600CADD9F /* VampireSynthTests */,
				6E2C190A2C818DB700CADD9F /* VampireSynthUITests */,
			);
		};
/* End PBXProject section */

/* Begin PBXResourcesBuildPhase section */
		6E2C18EF2C818DAD00CADD9F /* Resources */ = {
			isa = PBXResourcesBuildPhase;
			buildActionMask = 2147483647;
			files = (
				6E2C18FC2C818DB200CADD9F /* Preview Assets.xcassets in Resources */,
				6E2C18F92C818DB200CADD9F /* Assets.xcassets in Resources */,
			);
			runOnlyForDeploymentPostprocessing = 0;
		};
		6E2C18FF2C818DB600CADD9F /* Resources */ = {
			isa = PBXResourcesBuildPhase;
			buildActionMask = 2147483647;
			files = (
			);
			runOnlyForDeploymentPostprocessing = 0;
		};
		6E2C19092C818DB700CADD9F /* Resources */ = {
			isa = PBXResourcesBuildPhase;
			buildActionMask = 2147483647;
			files = (
			);
			runOnlyForDeploymentPostprocessing = 0;
		};
/* End PBXResourcesBuildPhase section */

/* Begin PBXSourcesBuildPhase section */
		6E2C18ED2C818DAD00CADD9F /* Sources */ = {
			isa = PBXSourcesBuildPhase;
			buildActionMask = 2147483647;
			files = (
				6ECA33BE2CC7028E00E641CE /* ADSRWidgetView.swift in Sources */,
				6EEEB2A82C8518DA00E1E8FC /* OperatorView.swift in Sources */,
				6ECA33C22CC70B5400E641CE /* Operator.swift in Sources */,
				6E2FFFBD2C850BE900FD9BC9 /* ContentView.swift in Sources */,
				6E2FBDC32C8540BA00854FB3 /* VampireKeyboardView.swift in Sources */,
				6EEEB2A62C85185200E1E8FC /* OperatorConductor.swift in Sources */,
				6ECA33C02CC7044600E641CE /* OperatorControlView.swift in Sources */,
				6E2FFFBC2C850BE900FD9BC9 /* VampireSynthApp.swift in Sources */,
				6EEEB2AE2C85298400E1E8FC /* AmpEnvView.swift in Sources */,
				6EEEB2AA2C8526B200E1E8FC /* AmpEnvConductor.swift in Sources */,
			);
			runOnlyForDeploymentPostprocessing = 0;
		};
		6E2C18FD2C818DB600CADD9F /* Sources */ = {
			isa = PBXSourcesBuildPhase;
			buildActionMask = 2147483647;
			files = (
				6E2C19062C818DB600CADD9F /* VampireSynthTests.swift in Sources */,
			);
			runOnlyForDeploymentPostprocessing = 0;
		};
		6E2C19072C818DB700CADD9F /* Sources */ = {
			isa = PBXSourcesBuildPhase;
			buildActionMask = 2147483647;
			files = (
				6E2C19122C818DB700CADD9F /* VampireSynthUITestsLaunchTests.swift in Sources */,
				6E2C19102C818DB700CADD9F /* VampireSynthUITests.swift in Sources */,
			);
			runOnlyForDeploymentPostprocessing = 0;
		};
/* End PBXSourcesBuildPhase section */

/* Begin PBXTargetDependency section */
		6E2C19032C818DB600CADD9F /* PBXTargetDependency */ = {
			isa = PBXTargetDependency;
			target = 6E2C18F02C818DAD00CADD9F /* VampireSynth */;
			targetProxy = 6E2C19022C818DB600CADD9F /* PBXContainerItemProxy */;
		};
		6E2C190D2C818DB700CADD9F /* PBXTargetDependency */ = {
			isa = PBXTargetDependency;
			target = 6E2C18F02C818DAD00CADD9F /* VampireSynth */;
			targetProxy = 6E2C190C2C818DB700CADD9F /* PBXContainerItemProxy */;
		};
/* End PBXTargetDependency section */

/* Begin XCBuildConfiguration section */
		6E2C19132C818DB700CADD9F /* Debug */ = {
			isa = XCBuildConfiguration;
			buildSettings = {
				ALWAYS_SEARCH_USER_PATHS = NO;
				ASSETCATALOG_COMPILER_GENERATE_SWIFT_ASSET_SYMBOL_EXTENSIONS = YES;
				CLANG_ANALYZER_NONNULL = YES;
				CLANG_ANALYZER_NUMBER_OBJECT_CONVERSION = YES_AGGRESSIVE;
				CLANG_CXX_LANGUAGE_STANDARD = "gnu++20";
				CLANG_ENABLE_MODULES = YES;
				CLANG_ENABLE_OBJC_ARC = YES;
				CLANG_ENABLE_OBJC_WEAK = YES;
				CLANG_WARN_BLOCK_CAPTURE_AUTORELEASING = YES;
				CLANG_WARN_BOOL_CONVERSION = YES;
				CLANG_WARN_COMMA = YES;
				CLANG_WARN_CONSTANT_CONVERSION = YES;
				CLANG_WARN_DEPRECATED_OBJC_IMPLEMENTATIONS = YES;
				CLANG_WARN_DIRECT_OBJC_ISA_USAGE = YES_ERROR;
				CLANG_WARN_DOCUMENTATION_COMMENTS = YES;
				CLANG_WARN_EMPTY_BODY = YES;
				CLANG_WARN_ENUM_CONVERSION = YES;
				CLANG_WARN_INFINITE_RECURSION = YES;
				CLANG_WARN_INT_CONVERSION = YES;
				CLANG_WARN_NON_LITERAL_NULL_CONVERSION = YES;
				CLANG_WARN_OBJC_IMPLICIT_RETAIN_SELF = YES;
				CLANG_WARN_OBJC_LITERAL_CONVERSION = YES;
				CLANG_WARN_OBJC_ROOT_CLASS = YES_ERROR;
				CLANG_WARN_QUOTED_INCLUDE_IN_FRAMEWORK_HEADER = YES;
				CLANG_WARN_RANGE_LOOP_ANALYSIS = YES;
				CLANG_WARN_STRICT_PROTOTYPES = YES;
				CLANG_WARN_SUSPICIOUS_MOVE = YES;
				CLANG_WARN_UNGUARDED_AVAILABILITY = YES_AGGRESSIVE;
				CLANG_WARN_UNREACHABLE_CODE = YES;
				CLANG_WARN__DUPLICATE_METHOD_MATCH = YES;
				COPY_PHASE_STRIP = NO;
				DEBUG_INFORMATION_FORMAT = dwarf;
				ENABLE_STRICT_OBJC_MSGSEND = YES;
				ENABLE_TESTABILITY = YES;
				ENABLE_USER_SCRIPT_SANDBOXING = YES;
				GCC_C_LANGUAGE_STANDARD = gnu17;
				GCC_DYNAMIC_NO_PIC = NO;
				GCC_NO_COMMON_BLOCKS = YES;
				GCC_OPTIMIZATION_LEVEL = 0;
				GCC_PREPROCESSOR_DEFINITIONS = (
					"DEBUG=1",
					"$(inherited)",
				);
				GCC_WARN_64_TO_32_BIT_CONVERSION = YES;
				GCC_WARN_ABOUT_RETURN_TYPE = YES_ERROR;
				GCC_WARN_UNDECLARED_SELECTOR = YES;
				GCC_WARN_UNINITIALIZED_AUTOS = YES_AGGRESSIVE;
				GCC_WARN_UNUSED_FUNCTION = YES;
				GCC_WARN_UNUSED_VARIABLE = YES;
				IPHONEOS_DEPLOYMENT_TARGET = 17.5;
				LOCALIZATION_PREFERS_STRING_CATALOGS = YES;
				MTL_ENABLE_DEBUG_INFO = INCLUDE_SOURCE;
				MTL_FAST_MATH = YES;
				ONLY_ACTIVE_ARCH = YES;
				SDKROOT = iphoneos;
				SWIFT_ACTIVE_COMPILATION_CONDITIONS = "DEBUG $(inherited)";
				SWIFT_OPTIMIZATION_LEVEL = "-Onone";
			};
			name = Debug;
		};
		6E2C19142C818DB700CADD9F /* Release */ = {
			isa = XCBuildConfiguration;
			buildSettings = {
				ALWAYS_SEARCH_USER_PATHS = NO;
				ASSETCATALOG_COMPILER_GENERATE_SWIFT_ASSET_SYMBOL_EXTENSIONS = YES;
				CLANG_ANALYZER_NONNULL = YES;
				CLANG_ANALYZER_NUMBER_OBJECT_CONVERSION = YES_AGGRESSIVE;
				CLANG_CXX_LANGUAGE_STANDARD = "gnu++20";
				CLANG_ENABLE_MODULES = YES;
				CLANG_ENABLE_OBJC_ARC = YES;
				CLANG_ENABLE_OBJC_WEAK = YES;
				CLANG_WARN_BLOCK_CAPTURE_AUTORELEASING = YES;
				CLANG_WARN_BOOL_CONVERSION = YES;
				CLANG_WARN_COMMA = YES;
				CLANG_WARN_CONSTANT_CONVERSION = YES;
				CLANG_WARN_DEPRECATED_OBJC_IMPLEMENTATIONS = YES;
				CLANG_WARN_DIRECT_OBJC_ISA_USAGE = YES_ERROR;
				CLANG_WARN_DOCUMENTATION_COMMENTS = YES;
				CLANG_WARN_EMPTY_BODY = YES;
				CLANG_WARN_ENUM_CONVERSION = YES;
				CLANG_WARN_INFINITE_RECURSION = YES;
				CLANG_WARN_INT_CONVERSION = YES;
				CLANG_WARN_NON_LITERAL_NULL_CONVERSION = YES;
				CLANG_WARN_OBJC_IMPLICIT_RETAIN_SELF = YES;
				CLANG_WARN_OBJC_LITERAL_CONVERSION = YES;
				CLANG_WARN_OBJC_ROOT_CLASS = YES_ERROR;
				CLANG_WARN_QUOTED_INCLUDE_IN_FRAMEWORK_HEADER = YES;
				CLANG_WARN_RANGE_LOOP_ANALYSIS = YES;
				CLANG_WARN_STRICT_PROTOTYPES = YES;
				CLANG_WARN_SUSPICIOUS_MOVE = YES;
				CLANG_WARN_UNGUARDED_AVAILABILITY = YES_AGGRESSIVE;
				CLANG_WARN_UNREACHABLE_CODE = YES;
				CLANG_WARN__DUPLICATE_METHOD_MATCH = YES;
				COPY_PHASE_STRIP = NO;
				DEBUG_INFORMATION_FORMAT = "dwarf-with-dsym";
				ENABLE_NS_ASSERTIONS = NO;
				ENABLE_STRICT_OBJC_MSGSEND = YES;
				ENABLE_USER_SCRIPT_SANDBOXING = YES;
				GCC_C_LANGUAGE_STANDARD = gnu17;
				GCC_NO_COMMON_BLOCKS = YES;
				GCC_WARN_64_TO_32_BIT_CONVERSION = YES;
				GCC_WARN_ABOUT_RETURN_TYPE = YES_ERROR;
				GCC_WARN_UNDECLARED_SELECTOR = YES;
				GCC_WARN_UNINITIALIZED_AUTOS = YES_AGGRESSIVE;
				GCC_WARN_UNUSED_FUNCTION = YES;
				GCC_WARN_UNUSED_VARIABLE = YES;
				IPHONEOS_DEPLOYMENT_TARGET = 17.5;
				LOCALIZATION_PREFERS_STRING_CATALOGS = YES;
				MTL_ENABLE_DEBUG_INFO = NO;
				MTL_FAST_MATH = YES;
				SDKROOT = iphoneos;
				SWIFT_COMPILATION_MODE = wholemodule;
				VALIDATE_PRODUCT = YES;
			};
			name = Release;
		};
		6E2C19162C818DB700CADD9F /* Debug */ = {
			isa = XCBuildConfiguration;
			buildSettings = {
				ASSETCATALOG_COMPILER_APPICON_NAME = AppIcon;
				ASSETCATALOG_COMPILER_GLOBAL_ACCENT_COLOR_NAME = AccentColor;
				CLANG_ENABLE_MODULES = YES;
				CODE_SIGN_IDENTITY = "Apple Development";
				CODE_SIGN_STYLE = Automatic;
				CURRENT_PROJECT_VERSION = 1;
				DEVELOPMENT_ASSET_PATHS = "\"VampireSynth/Preview Content\"";
				DEVELOPMENT_TEAM = MZ9Q3WBZFB;
				ENABLE_PREVIEWS = YES;
				GENERATE_INFOPLIST_FILE = YES;
				INFOPLIST_KEY_UIApplicationSceneManifest_Generation = YES;
				INFOPLIST_KEY_UIApplicationSupportsIndirectInputEvents = YES;
				INFOPLIST_KEY_UILaunchScreen_Generation = YES;
				INFOPLIST_KEY_UISupportedInterfaceOrientations_iPad = "UIInterfaceOrientationPortrait UIInterfaceOrientationPortraitUpsideDown UIInterfaceOrientationLandscapeLeft UIInterfaceOrientationLandscapeRight";
				INFOPLIST_KEY_UISupportedInterfaceOrientations_iPhone = "UIInterfaceOrientationPortrait UIInterfaceOrientationLandscapeLeft UIInterfaceOrientationLandscapeRight";
				LD_RUNPATH_SEARCH_PATHS = (
					"$(inherited)",
					"@executable_path/Frameworks",
				);
				MARKETING_VERSION = 1.0;
				PRODUCT_BUNDLE_IDENTIFIER = com.tattvamusic.vampiresynth;
				PRODUCT_NAME = "$(TARGET_NAME)";
				PROVISIONING_PROFILE_SPECIFIER = "";
				SWIFT_EMIT_LOC_STRINGS = YES;
				SWIFT_OPTIMIZATION_LEVEL = "-Onone";
				SWIFT_VERSION = 5.0;
				TARGETED_DEVICE_FAMILY = "1,2";
			};
			name = Debug;
		};
		6E2C19172C818DB700CADD9F /* Release */ = {
			isa = XCBuildConfiguration;
			buildSettings = {
				ASSETCATALOG_COMPILER_APPICON_NAME = AppIcon;
				ASSETCATALOG_COMPILER_GLOBAL_ACCENT_COLOR_NAME = AccentColor;
				CLANG_ENABLE_MODULES = YES;
				CODE_SIGN_IDENTITY = "Apple Development";
				CODE_SIGN_STYLE = Automatic;
				CURRENT_PROJECT_VERSION = 1;
				DEVELOPMENT_ASSET_PATHS = "\"VampireSynth/Preview Content\"";
				DEVELOPMENT_TEAM = MZ9Q3WBZFB;
				ENABLE_PREVIEWS = YES;
				GENERATE_INFOPLIST_FILE = YES;
				INFOPLIST_KEY_UIApplicationSceneManifest_Generation = YES;
				INFOPLIST_KEY_UIApplicationSupportsIndirectInputEvents = YES;
				INFOPLIST_KEY_UILaunchScreen_Generation = YES;
				INFOPLIST_KEY_UISupportedInterfaceOrientations_iPad = "UIInterfaceOrientationPortrait UIInterfaceOrientationPortraitUpsideDown UIInterfaceOrientationLandscapeLeft UIInterfaceOrientationLandscapeRight";
				INFOPLIST_KEY_UISupportedInterfaceOrientations_iPhone = "UIInterfaceOrientationPortrait UIInterfaceOrientationLandscapeLeft UIInterfaceOrientationLandscapeRight";
				LD_RUNPATH_SEARCH_PATHS = (
					"$(inherited)",
					"@executable_path/Frameworks",
				);
				MARKETING_VERSION = 1.0;
				PRODUCT_BUNDLE_IDENTIFIER = com.tattvamusic.vampiresynth;
				PRODUCT_NAME = "$(TARGET_NAME)";
				PROVISIONING_PROFILE_SPECIFIER = "";
				SWIFT_EMIT_LOC_STRINGS = YES;
				SWIFT_VERSION = 5.0;
				TARGETED_DEVICE_FAMILY = "1,2";
			};
			name = Release;
		};
		6E2C19192C818DB700CADD9F /* Debug */ = {
			isa = XCBuildConfiguration;
			buildSettings = {
				ALWAYS_EMBED_SWIFT_STANDARD_LIBRARIES = YES;
				BUNDLE_LOADER = "$(TEST_HOST)";
				CODE_SIGN_STYLE = Automatic;
				CURRENT_PROJECT_VERSION = 1;
				DEVELOPMENT_TEAM = U8KG77NYQD;
				GENERATE_INFOPLIST_FILE = YES;
				IPHONEOS_DEPLOYMENT_TARGET = 17.5;
				MARKETING_VERSION = 1.0;
				PRODUCT_BUNDLE_IDENTIFIER = com.tattvamusic.Force1Tests;
				PRODUCT_NAME = "$(TARGET_NAME)";
				SWIFT_EMIT_LOC_STRINGS = NO;
				SWIFT_VERSION = 5.0;
				TARGETED_DEVICE_FAMILY = "1,2";
				TEST_HOST = "$(BUILT_PRODUCTS_DIR)/VampireSynth.app/$(BUNDLE_EXECUTABLE_FOLDER_PATH)/VampireSynth";
			};
			name = Debug;
		};
		6E2C191A2C818DB700CADD9F /* Release */ = {
			isa = XCBuildConfiguration;
			buildSettings = {
				ALWAYS_EMBED_SWIFT_STANDARD_LIBRARIES = YES;
				BUNDLE_LOADER = "$(TEST_HOST)";
				CODE_SIGN_STYLE = Automatic;
				CURRENT_PROJECT_VERSION = 1;
				DEVELOPMENT_TEAM = U8KG77NYQD;
				GENERATE_INFOPLIST_FILE = YES;
				IPHONEOS_DEPLOYMENT_TARGET = 17.5;
				MARKETING_VERSION = 1.0;
				PRODUCT_BUNDLE_IDENTIFIER = com.tattvamusic.Force1Tests;
				PRODUCT_NAME = "$(TARGET_NAME)";
				SWIFT_EMIT_LOC_STRINGS = NO;
				SWIFT_VERSION = 5.0;
				TARGETED_DEVICE_FAMILY = "1,2";
				TEST_HOST = "$(BUILT_PRODUCTS_DIR)/VampireSynth.app/$(BUNDLE_EXECUTABLE_FOLDER_PATH)/VampireSynth";
			};
			name = Release;
		};
		6E2C191C2C818DB700CADD9F /* Debug */ = {
			isa = XCBuildConfiguration;
			buildSettings = {
				ALWAYS_EMBED_SWIFT_STANDARD_LIBRARIES = YES;
				CODE_SIGN_STYLE = Automatic;
				CURRENT_PROJECT_VERSION = 1;
				DEVELOPMENT_TEAM = U8KG77NYQD;
				GENERATE_INFOPLIST_FILE = YES;
				MARKETING_VERSION = 1.0;
				PRODUCT_BUNDLE_IDENTIFIER = com.tattvamusic.Force1UITests;
				PRODUCT_NAME = "$(TARGET_NAME)";
				SWIFT_EMIT_LOC_STRINGS = NO;
				SWIFT_VERSION = 5.0;
				TARGETED_DEVICE_FAMILY = "1,2";
				TEST_TARGET_NAME = Force1;
			};
			name = Debug;
		};
		6E2C191D2C818DB700CADD9F /* Release */ = {
			isa = XCBuildConfiguration;
			buildSettings = {
				ALWAYS_EMBED_SWIFT_STANDARD_LIBRARIES = YES;
				CODE_SIGN_STYLE = Automatic;
				CURRENT_PROJECT_VERSION = 1;
				DEVELOPMENT_TEAM = U8KG77NYQD;
				GENERATE_INFOPLIST_FILE = YES;
				MARKETING_VERSION = 1.0;
				PRODUCT_BUNDLE_IDENTIFIER = com.tattvamusic.Force1UITests;
				PRODUCT_NAME = "$(TARGET_NAME)";
				SWIFT_EMIT_LOC_STRINGS = NO;
				SWIFT_VERSION = 5.0;
				TARGETED_DEVICE_FAMILY = "1,2";
				TEST_TARGET_NAME = Force1;
			};
			name = Release;
		};
/* End XCBuildConfiguration section */

/* Begin XCConfigurationList section */
		6E2C18EC2C818DAD00CADD9F /* Build configuration list for PBXProject "VampireSynth" */ = {
			isa = XCConfigurationList;
			buildConfigurations = (
				6E2C19132C818DB700CADD9F /* Debug */,
				6E2C19142C818DB700CADD9F /* Release */,
			);
			defaultConfigurationIsVisible = 0;
			defaultConfigurationName = Release;
		};
		6E2C19152C818DB700CADD9F /* Build configuration list for PBXNativeTarget "VampireSynth" */ = {
			isa = XCConfigurationList;
			buildConfigurations = (
				6E2C19162C818DB700CADD9F /* Debug */,
				6E2C19172C818DB700CADD9F /* Release */,
			);
			defaultConfigurationIsVisible = 0;
			defaultConfigurationName = Release;
		};
		6E2C19182C818DB700CADD9F /* Build configuration list for PBXNativeTarget "VampireSynthTests" */ = {
			isa = XCConfigurationList;
			buildConfigurations = (
				6E2C19192C818DB700CADD9F /* Debug */,
				6E2C191A2C818DB700CADD9F /* Release */,
			);
			defaultConfigurationIsVisible = 0;
			defaultConfigurationName = Release;
		};
		6E2C191B2C818DB700CADD9F /* Build configuration list for PBXNativeTarget "VampireSynthUITests" */ = {
			isa = XCConfigurationList;
			buildConfigurations = (
				6E2C191C2C818DB700CADD9F /* Debug */,
				6E2C191D2C818DB700CADD9F /* Release */,
			);
			defaultConfigurationIsVisible = 0;
			defaultConfigurationName = Release;
		};
/* End XCConfigurationList section */

/* Begin XCRemoteSwiftPackageReference section */
		6E2C191E2C818E0300CADD9F /* XCRemoteSwiftPackageReference "AudioKit" */ = {
			isa = XCRemoteSwiftPackageReference;
			repositoryURL = "https://github.com/AudioKit/AudioKit/";
			requirement = {
				kind = upToNextMajorVersion;
				minimumVersion = 5.6.4;
			};
		};
		6E2C19212C818FB800CADD9F /* XCRemoteSwiftPackageReference "AudioKitEX" */ = {
			isa = XCRemoteSwiftPackageReference;
			repositoryURL = "https://github.com/AudioKit/AudioKitEX";
			requirement = {
				kind = upToNextMajorVersion;
				minimumVersion = 5.6.0;
			};
		};
		6E2C19242C8191D100CADD9F /* XCRemoteSwiftPackageReference "SoundpipeAudioKit" */ = {
			isa = XCRemoteSwiftPackageReference;
			repositoryURL = "https://github.com/AudioKit/SoundpipeAudioKit";
			requirement = {
				kind = upToNextMajorVersion;
				minimumVersion = 5.6.1;
			};
		};
		6E2C19272C81932300CADD9F /* XCRemoteSwiftPackageReference "AudioKitUI" */ = {
			isa = XCRemoteSwiftPackageReference;
			repositoryURL = "https://github.com/AudioKit/AudioKitUI";
			requirement = {
				kind = upToNextMajorVersion;
				minimumVersion = 0.3.7;
			};
		};
		6E2FFFAB2C85058E00FD9BC9 /* XCRemoteSwiftPackageReference "Keyboard" */ = {
			isa = XCRemoteSwiftPackageReference;
			repositoryURL = "https://github.com/AudioKit/Keyboard";
			requirement = {
				kind = upToNextMajorVersion;
				minimumVersion = 1.3.7;
			};
		};
/* End XCRemoteSwiftPackageReference section */

/* Begin XCSwiftPackageProductDependency section */
		6E2C191F2C818E0300CADD9F /* AudioKit */ = {
			isa = XCSwiftPackageProductDependency;
			package = 6E2C191E2C818E0300CADD9F /* XCRemoteSwiftPackageReference "AudioKit" */;
			productName = AudioKit;
		};
		6E2C19222C818FB800CADD9F /* AudioKitEX */ = {
			isa = XCSwiftPackageProductDependency;
			package = 6E2C19212C818FB800CADD9F /* XCRemoteSwiftPackageReference "AudioKitEX" */;
			productName = AudioKitEX;
		};
		6E2C19252C8191D100CADD9F /* SoundpipeAudioKit */ = {
			isa = XCSwiftPackageProductDependency;
			package = 6E2C19242C8191D100CADD9F /* XCRemoteSwiftPackageReference "SoundpipeAudioKit" */;
			productName = SoundpipeAudioKit;
		};
		6E2C19282C81932300CADD9F /* AudioKitUI */ = {
			isa = XCSwiftPackageProductDependency;
			package = 6E2C19272C81932300CADD9F /* XCRemoteSwiftPackageReference "AudioKitUI" */;
			productName = AudioKitUI;
		};
		6E2FFFAC2C85058E00FD9BC9 /* Keyboard */ = {
			isa = XCSwiftPackageProductDependency;
			package = 6E2FFFAB2C85058E00FD9BC9 /* XCRemoteSwiftPackageReference "Keyboard" */;
			productName = Keyboard;
		};
/* End XCSwiftPackageProductDependency section */
	};
	rootObject = 6E2C18E92C818DAD00CADD9F /* Project object */;
}
